
Microsoft Visual Studio Solution File, Format Version 12.00
# Visual Studio 2013
VisualStudioVersion = 12.0.31101.0
MinimumVisualStudioVersion = 10.0.40219.1
Project("{FAE04EC0-301F-11D3-BF4B-00C04F79EFBC}") = "Sample", "Sample\Sample.csproj", "{4437286A-04F5-42DB-AFE6-28B2F5943C58}"
EndProject
Project("{FAE04EC0-301F-11D3-BF4B-00C04F79EFBC}") = "Sample.Module", "Sample.Module\Sample.Module.csproj", "{7B4279FA-64B6-49F6-B1A1-E53580FA1100}"
EndProject
Global
	GlobalSection(SolutionConfigurationPlatforms) = preSolution
		Debug|Any CPU = Debug|Any CPU
		Release|Any CPU = Release|Any CPU
	EndGlobalSection
	GlobalSection(ProjectConfigurationPlatforms) = postSolution
		{4437286A-04F5-42DB-AFE6-28B2F5943C58}.Debug|Any CPU.ActiveCfg = Debug|Any CPU
		{4437286A-04F5-42DB-AFE6-28B2F5943C58}.Debug|Any CPU.Build.0 = Debug|Any CPU
		{4437286A-04F5-42DB-AFE6-28B2F5943C58}.Release|Any CPU.ActiveCfg = Release|Any CPU
		{4437286A-04F5-42DB-AFE6-28B2F5943C58}.Release|Any CPU.Build.0 = Release|Any CPU
		{7B4279FA-64B6-49F6-B1A1-E53580FA1100}.Debug|Any CPU.ActiveCfg = Debug|Any CPU
		{7B4279FA-64B6-49F6-B1A1-E53580FA1100}.Debug|Any CPU.Build.0 = Debug|Any CPU
		{7B4279FA-64B6-49F6-B1A1-E53580FA1100}.Release|Any CPU.ActiveCfg = Release|Any CPU
		{7B4279FA-64B6-49F6-B1A1-E53580FA1100}.Release|Any CPU.Build.0 = Release|Any CPU
	EndGlobalSection
	GlobalSection(SolutionProperties) = preSolution
		HideSolutionNode = FALSE
	EndGlobalSection
EndGlobal
